// !$*UTF8*$!
{
	archiveVersion = 1;
	classes = {
	};
	objectVersion = 46;
	objects = {

/* Begin PBXBuildFile section */
		3FBF882C150E355D00E43E79 /* UIKit.framework in Frameworks */ = {isa = PBXBuildFile; fileRef = 3FBF882B150E355D00E43E79 /* UIKit.framework */; };
		3FBF882E150E355D00E43E79 /* Foundation.framework in Frameworks */ = {isa = PBXBuildFile; fileRef = 3FBF882D150E355D00E43E79 /* Foundation.framework */; };
		3FBF8830150E355D00E43E79 /* CoreGraphics.framework in Frameworks */ = {isa = PBXBuildFile; fileRef = 3FBF882F150E355D00E43E79 /* CoreGraphics.framework */; };
		3FBF8836150E355D00E43E79 /* InfoPlist.strings in Resources */ = {isa = PBXBuildFile; fileRef = 3FBF8834150E355D00E43E79 /* InfoPlist.strings */; };
		3FBF8838150E355D00E43E79 /* main.m in Sources */ = {isa = PBXBuildFile; fileRef = 3FBF8837150E355D00E43E79 /* main.m */; };
		3FBF883C150E355D00E43E79 /* AppDelegate.m in Sources */ = {isa = PBXBuildFile; fileRef = 3FBF883B150E355D00E43E79 /* AppDelegate.m */; };
		3FBF883F150E355D00E43E79 /* ViewController.m in Sources */ = {isa = PBXBuildFile; fileRef = 3FBF883E150E355D00E43E79 /* ViewController.m */; };
		3FBF8842150E355D00E43E79 /* ViewController.xib in Resources */ = {isa = PBXBuildFile; fileRef = 3FBF8840150E355D00E43E79 /* ViewController.xib */; };
/* End PBXBuildFile section */

/* Begin PBXFileReference section */
		3FBF8827150E355D00E43E79 /* ScrollView.app */ = {isa = PBXFileReference; explicitFileType = wrapper.application; includeInIndex = 0; path = ScrollView.app; sourceTree = BUILT_PRODUCTS_DIR; };
		3FBF882B150E355D00E43E79 /* UIKit.framework */ = {isa = PBXFileReference; lastKnownFileType = wrapper.framework; name = UIKit.framework; path = System/Library/Frameworks/UIKit.framework; sourceTree = SDKROOT; };
		3FBF882D150E355D00E43E79 /* Foundation.framework */ = {isa = PBXFileReference; lastKnownFileType = wrapper.framework; name = Foundation.framework; path = System/Library/Frameworks/Foundation.framework; sourceTree = SDKROOT; };
		3FBF882F150E355D00E43E79 /* CoreGraphics.framework */ = {isa = PBXFileReference; lastKnownFileType = wrapper.framework; name = CoreGraphics.framework; path = System/Library/Frameworks/CoreGraphics.framework; sourceTree = SDKROOT; };
		3FBF8833150E355D00E43E79 /* ScrollView-Info.plist */ = {isa = PBXFileReference; lastKnownFileType = text.plist.xml; path = "ScrollView-Info.plist"; sourceTree = "<group>"; };
		3FBF8835150E355D00E43E79 /* en */ = {isa = PBXFileReference; lastKnownFileType = text.plist.strings; name = en; path = en.lproj/InfoPlist.strings; sourceTree = "<group>"; };
		3FBF8837150E355D00E43E79 /* main.m */ = {isa = PBXFileReference; lastKnownFileType = sourcecode.c.objc; path = main.m; sourceTree = "<group>"; };
		3FBF8839150E355D00E43E79 /* ScrollView-Prefix.pch */ = {isa = PBXFileReference; lastKnownFileType = sourcecode.c.h; path = "ScrollView-Prefix.pch"; sourceTree = "<group>"; };
		3FBF883A150E355D00E43E79 /* AppDelegate.h */ = {isa = PBXFileReference; lastKnownFileType = sourcecode.c.h; path = AppDelegate.h; sourceTree = "<group>"; };
		3FBF883B150E355D00E43E79 /* AppDelegate.m */ = {isa = PBXFileReference; lastKnownFileType = sourcecode.c.objc; path = AppDelegate.m; sourceTree = "<group>"; };
		3FBF883D150E355D00E43E79 /* ViewController.h */ = {isa = PBXFileReference; lastKnownFileType = sourcecode.c.h; path = ViewController.h; sourceTree = "<group>"; };
		3FBF883E150E355D00E43E79 /* ViewController.m */ = {isa = PBXFileReference; lastKnownFileType = sourcecode.c.objc; path = ViewController.m; sourceTree = "<group>"; };
		3FBF8841150E355D00E43E79 /* en */ = {isa = PBXFileReference; lastKnownFileType = file.xib; name = en; path = en.lproj/ViewController.xib; sourceTree = "<group>"; };
/* End PBXFileReference section */

/* Begin PBXFrameworksBuildPhase section */
		3FBF8824150E355C00E43E79 /* Frameworks */ = {
			isa = PBXFrameworksBuildPhase;
			buildActionMask = 2147483647;
			files = (
				3FBF882C150E355D00E43E79 /* UIKit.framework in Frameworks */,
				3FBF882E150E355D00E43E79 /* Foundation.framework in Frameworks */,
				3FBF8830150E355D00E43E79 /* CoreGraphics.framework in Frameworks */,
			);
			runOnlyForDeploymentPostprocessing = 0;
		};
/* End PBXFrameworksBuildPhase section */

/* Begin PBXGroup section */
		3FBF881C150E355C00E43E79 = {
			isa = PBXGroup;
			children = (
				3FBF8831150E355D00E43E79 /* ScrollView */,
				3FBF882A150E355D00E43E79 /* Frameworks */,
				3FBF8828150E355D00E43E79 /* Products */,
			);
			sourceTree = "<group>";
		};
		3FBF8828150E355D00E43E79 /* Products */ = {
			isa = PBXGroup;
			children = (
				3FBF8827150E355D00E43E79 /* ScrollView.app */,
			);
			name = Products;
			sourceTree = "<group>";
		};
		3FBF882A150E355D00E43E79 /* Frameworks */ = {
			isa = PBXGroup;
			children = (
				3FBF882B150E355D00E43E79 /* UIKit.framework */,
				3FBF882D150E355D00E43E79 /* Foundation.framework */,
				3FBF882F150E355D00E43E79 /* CoreGraphics.framework */,
			);
			name = Frameworks;
			sourceTree = "<group>";
		};
		3FBF8831150E355D00E43E79 /* ScrollView */ = {
			isa = PBXGroup;
			children = (
				3FBF883A150E355D00E43E79 /* AppDelegate.h */,
				3FBF883B150E355D00E43E79 /* AppDelegate.m */,
				3FBF883D150E355D00E43E79 /* ViewController.h */,
				3FBF883E150E355D00E43E79 /* ViewController.m */,
				3FBF8840150E355D00E43E79 /* ViewController.xib */,
				3FBF8832150E355D00E43E79 /* Supporting Files */,
			);
			path = ScrollView;
			sourceTree = "<group>";
		};
		3FBF8832150E355D00E43E79 /* Supporting Files */ = {
			isa = PBXGroup;
			children = (
				3FBF8833150E355D00E43E79 /* ScrollView-Info.plist */,
				3FBF8834150E355D00E43E79 /* InfoPlist.strings */,
				3FBF8837150E355D00E43E79 /* main.m */,
				3FBF8839150E355D00E43E79 /* ScrollView-Prefix.pch */,
			);
			name = "Supporting Files";
			sourceTree = "<group>";
		};
/* End PBXGroup section */

/* Begin PBXNativeTarget section */
		3FBF8826150E355C00E43E79 /* ScrollView */ = {
			isa = PBXNativeTarget;
			buildConfigurationList = 3FBF8845150E355D00E43E79 /* Build configuration list for PBXNativeTarget "ScrollView" */;
			buildPhases = (
				3FBF8823150E355C00E43E79 /* Sources */,
				3FBF8824150E355C00E43E79 /* Frameworks */,
				3FBF8825150E355C00E43E79 /* Resources */,
			);
			buildRules = (
			);
			dependencies = (
			);
			name = ScrollView;
			productName = ScrollView;
			productReference = 3FBF8827150E355D00E43E79 /* ScrollView.app */;
			productType = "com.apple.product-type.application";
		};
/* End PBXNativeTarget section */

/* Begin PBXProject section */
		3FBF881E150E355C00E43E79 /* Project object */ = {
			isa = PBXProject;
			attributes = {
				LastUpgradeCheck = 0430;
			};
			buildConfigurationList = 3FBF8821150E355C00E43E79 /* Build configuration list for PBXProject "ScrollView" */;
			compatibilityVersion = "Xcode 3.2";
			developmentRegion = English;
			hasScannedForEncodings = 0;
			knownRegions = (
				en,
			);
			mainGroup = 3FBF881C150E355C00E43E79;
			productRefGroup = 3FBF8828150E355D00E43E79 /* Products */;
			projectDirPath = "";
			projectRoot = "";
			targets = (
				3FBF8826150E355C00E43E79 /* ScrollView */,
			);
		};
/* End PBXProject section */

/* Begin PBXResourcesBuildPhase section */
		3FBF8825150E355C00E43E79 /* Resources */ = {
			isa = PBXResourcesBuildPhase;
			buildActionMask = 2147483647;
			files = (
				3FBF8836150E355D00E43E79 /* InfoPlist.strings in Resources */,
				3FBF8842150E355D00E43E79 /* ViewController.xib in Resources */,
			);
			runOnlyForDeploymentPostprocessing = 0;
		};
/* End PBXResourcesBuildPhase section */

/* Begin PBXSourcesBuildPhase section */
		3FBF8823150E355C00E43E79 /* Sources */ = {
			isa = PBXSourcesBuildPhase;
			buildActionMask = 2147483647;
			files = (
				3FBF8838150E355D00E43E79 /* main.m in Sources */,
				3FBF883C150E355D00E43E79 /* AppDelegate.m in Sources */,
				3FBF883F150E355D00E43E79 /* ViewController.m in Sources */,
			);
			runOnlyForDeploymentPostprocessing = 0;
		};
/* End PBXSourcesBuildPhase section */

/* Begin PBXVariantGroup section */
		3FBF8834150E355D00E43E79 /* InfoPlist.strings */ = {
			isa = PBXVariantGroup;
			children = (
				3FBF8835150E355D00E43E79 /* en */,
			);
			name = InfoPlist.strings;
			sourceTree = "<group>";
		};
		3FBF8840150E355D00E43E79 /* ViewController.xib */ = {
			isa = PBXVariantGroup;
			children = (
				3FBF8841150E355D00E43E79 /* en */,
			);
			name = ViewController.xib;
			sourceTree = "<group>";
		};
/* End PBXVariantGroup section */

/* Begin XCBuildConfiguration section */
		3FBF8843150E355D00E43E79 /* Debug */ = {
			isa = XCBuildConfiguration;
			buildSettings = {
				ALWAYS_SEARCH_USER_PATHS = NO;
				ARCHS = "$(ARCHS_STANDARD_32_BIT)";
				CLANG_ENABLE_OBJC_ARC = YES;
				"CODE_SIGN_IDENTITY[sdk=iphoneos*]" = "iPhone Developer";
				COPY_PHASE_STRIP = NO;
				GCC_C_LANGUAGE_STANDARD = gnu99;
				GCC_DYNAMIC_NO_PIC = NO;
				GCC_OPTIMIZATION_LEVEL = 0;
				GCC_PREPROCESSOR_DEFINITIONS = (
					"DEBUG=1",
					"$(inherited)",
				);
				GCC_SYMBOLS_PRIVATE_EXTERN = NO;
				GCC_VERSION = com.apple.compilers.llvm.clang.1_0;
				GCC_WARN_ABOUT_RETURN_TYPE = YES;
				GCC_WARN_UNINITIALIZED_AUTOS = YES;
				GCC_WARN_UNUSED_VARIABLE = YES;
				IPHONEOS_DEPLOYMENT_TARGET = 5.1;
				SDKROOT = iphoneos;
			};
			name = Debug;
		};
		3FBF8844150E355D00E43E79 /* Release */ = {
			isa = XCBuildConfiguration;
			buildSettings = {
				ALWAYS_SEARCH_USER_PATHS = NO;
				ARCHS = "$(ARCHS_STANDARD_32_BIT)";
				CLANG_ENABLE_OBJC_ARC = YES;
				"CODE_SIGN_IDENTITY[sdk=iphoneos*]" = "iPhone Developer";
				COPY_PHASE_STRIP = YES;
				GCC_C_LANGUAGE_STANDARD = gnu99;
				GCC_VERSION = com.apple.compilers.llvm.clang.1_0;
				GCC_WARN_ABOUT_RETURN_TYPE = YES;
				GCC_WARN_UNINITIALIZED_AUTOS = YES;
				GCC_WARN_UNUSED_VARIABLE = YES;
				IPHONEOS_DEPLOYMENT_TARGET = 5.1;
				OTHER_CFLAGS = "-DNS_BLOCK_ASSERTIONS=1";
				SDKROOT = iphoneos;
				VALIDATE_PRODUCT = YES;
			};
			name = Release;
		};
		3FBF8846150E355D00E43E79 /* Debug */ = {
			isa = XCBuildConfiguration;
			buildSettings = {
				GCC_PRECOMPILE_PREFIX_HEADER = YES;
				GCC_PREFIX_HEADER = "ScrollView/ScrollView-Prefix.pch";
				INFOPLIST_FILE = "ScrollView/ScrollView-Info.plist";
				PRODUCT_NAME = "$(TARGET_NAME)";
				WRAPPER_EXTENSION = app;
			};
			name = Debug;
		};
		3FBF8847150E355D00E43E79 /* Release */ = {
			isa = XCBuildConfiguration;
			buildSettings = {
				GCC_PRECOMPILE_PREFIX_HEADER = YES;
				GCC_PREFIX_HEADER = "ScrollView/ScrollView-Prefix.pch";
				INFOPLIST_FILE = "ScrollView/ScrollView-Info.plist";
				PRODUCT_NAME = "$(TARGET_NAME)";
				WRAPPER_EXTENSION = app;
			};
			name = Release;
		};
/* End XCBuildConfiguration section */

/* Begin XCConfigurationList section */
		3FBF8821150E355C00E43E79 /* Build configuration list for PBXProject "ScrollView" */ = {
			isa = XCConfigurationList;
			buildConfigurations = (
				3FBF8843150E355D00E43E79 /* Debug */,
				3FBF8844150E355D00E43E79 /* Release */,
			);
			defaultConfigurationIsVisible = 0;
			defaultConfigurationName = Release;
		};
		3FBF8845150E355D00E43E79 /* Build configuration list for PBXNativeTarget "ScrollView" */ = {
			isa = XCConfigurationList;
			buildConfigurations = (
				3FBF8846150E355D00E43E79 /* Debug */,
				3FBF8847150E355D00E43E79 /* Release */,
			);
			defaultConfigurationIsVisible = 0;
		};
/* End XCConfigurationList section */
	};
	rootObject = 3FBF881E150E355C00E43E79 /* Project object */;
}
